
Microsoft Visual Studio Solution File, Format Version 12.00
# Visual Studio Version 16
VisualStudioVersion = 16.0.32002.261
MinimumVisualStudioVersion = 10.0.40219.1
Project("{9A19103F-16F7-4668-BE54-9A1E7A4F7556}") = "EcommerceReact.Dominio", "EcommerceReact.Dominio\EcommerceReact.Dominio.csproj", "{39330DE9-EBF3-4E54-A829-D275B93176EE}"
EndProject
Project("{9A19103F-16F7-4668-BE54-9A1E7A4F7556}") = "EcommerceReact.Infra", "EcommerceReact.Infra\EcommerceReact.Infra.csproj", "{51D4EE51-AE60-4750-A347-2CE000CD8982}"
EndProject
Project("{9A19103F-16F7-4668-BE54-9A1E7A4F7556}") = "EcommerceReact.Repositorio", "EcommerceReact.Repositorio\EcommerceReact.Repositorio.csproj", "{4FF752E6-9E72-4BA6-B9C5-D7544038AA93}"
EndProject
Project("{FAE04EC0-301F-11D3-BF4B-00C04F79EFBC}") = "EcommerceReact.Handler", "EcommerceReact.Handler\EcommerceReact.Handler.csproj", "{959050E9-804D-457B-B693-FF1914F836CF}"
EndProject
Global
	GlobalSection(SolutionConfigurationPlatforms) = preSolution
		Debug|Any CPU = Debug|Any CPU
		Release|Any CPU = Release|Any CPU
	EndGlobalSection
	GlobalSection(ProjectConfigurationPlatforms) = postSolution
		{39330DE9-EBF3-4E54-A829-D275B93176EE}.Debug|Any CPU.ActiveCfg = Debug|Any CPU
		{39330DE9-EBF3-4E54-A829-D275B93176EE}.Debug|Any CPU.Build.0 = Debug|Any CPU
		{39330DE9-EBF3-4E54-A829-D275B93176EE}.Release|Any CPU.ActiveCfg = Release|Any CPU
		{39330DE9-EBF3-4E54-A829-D275B93176EE}.Release|Any CPU.Build.0 = Release|Any CPU
		{51D4EE51-AE60-4750-A347-2CE000CD8982}.Debug|Any CPU.ActiveCfg = Debug|Any CPU
		{51D4EE51-AE60-4750-A347-2CE000CD8982}.Debug|Any CPU.Build.0 = Debug|Any CPU
		{51D4EE51-AE60-4750-A347-2CE000CD8982}.Release|Any CPU.ActiveCfg = Release|Any CPU
		{51D4EE51-AE60-4750-A347-2CE000CD8982}.Release|Any CPU.Build.0 = Release|Any CPU
		{4FF752E6-9E72-4BA6-B9C5-D7544038AA93}.Debug|Any CPU.ActiveCfg = Debug|Any CPU
		{4FF752E6-9E72-4BA6-B9C5-D7544038AA93}.Debug|Any CPU.Build.0 = Debug|Any CPU
		{4FF752E6-9E72-4BA6-B9C5-D7544038AA93}.Release|Any CPU.ActiveCfg = Release|Any CPU
		{4FF752E6-9E72-4BA6-B9C5-D7544038AA93}.Release|Any CPU.Build.0 = Release|Any CPU
		{959050E9-804D-457B-B693-FF1914F836CF}.Debug|Any CPU.ActiveCfg = Debug|Any CPU
		{959050E9-804D-457B-B693-FF1914F836CF}.Debug|Any CPU.Build.0 = Debug|Any CPU
		{959050E9-804D-457B-B693-FF1914F836CF}.Release|Any CPU.ActiveCfg = Release|Any CPU
		{959050E9-804D-457B-B693-FF1914F836CF}.Release|Any CPU.Build.0 = Release|Any CPU
	EndGlobalSection
	GlobalSection(SolutionProperties) = preSolution
		HideSolutionNode = FALSE
	EndGlobalSection
	GlobalSection(ExtensibilityGlobals) = postSolution
		SolutionGuid = {C2C6C8B0-50D4-4113-8106-883825009877}
	EndGlobalSection
EndGlobal
